{
  "lockfileVersion": 1,
  "configVersion": 0,
  "workspaces": {
    "": {
      "name": "@deriverse/kit",
      "dependencies": {
        "@solana-program/system": "^0.7.0",
        "@solana/kit": "2.1.0",
        "base64-arraybuffer": "^1.0.2",
        "bs58": "^6.0.0",
        "zod": "^4.3.6",
      },
      "devDependencies": {
        "@eslint/js": "^9.0.0",
        "@types/node": "^25.2.1",
        "@vitest/coverage-v8": "^4.0.18",
        "eslint": "^9.0.0",
        "jiti": "^2.6.1",
        "prettier": "^3.8.1",
        "typescript": "^5.4.3",
        "typescript-eslint": "^8.54.0",
        "vitest": "^4.0.18",
      },
    },
  },
  "packages": {
    "@babel/helper-string-parser": ["@babel/helper-string-parser@7.27.1", "", {}, ""],

    "@babel/helper-validator-identifier": ["@babel/helper-validator-identifier@7.28.5", "", {}, ""],

    "@babel/parser": ["@babel/parser@7.28.6", "", { "dependencies": { "@babel/types": "^7.28.6" }, "bin": { "parser": "bin/babel-parser.js" } }, ""],

    "@babel/types": ["@babel/types@7.28.6", "", { "dependencies": { "@babel/helper-string-parser": "^7.27.1", "@babel/helper-validator-identifier": "^7.28.5" } }, ""],

    "@bcoe/v8-coverage": ["@bcoe/v8-coverage@1.0.2", "", {}, ""],

    "@esbuild/darwin-arm64": ["@esbuild/darwin-arm64@0.27.2", "", { "os": "darwin", "cpu": "arm64" }, ""],

    "@eslint-community/eslint-utils": ["@eslint-community/eslint-utils@4.9.1", "", { "dependencies": { "eslint-visitor-keys": "^3.4.3" }, "peerDependencies": { "eslint": "^6.0.0 || ^7.0.0 || >=8.0.0" } }, ""],

    "@eslint-community/regexpp": ["@eslint-community/regexpp@4.12.2", "", {}, ""],

    "@eslint/config-array": ["@eslint/config-array@0.21.1", "", { "dependencies": { "@eslint/object-schema": "^2.1.7", "debug": "^4.3.1", "minimatch": "^3.1.2" } }, ""],

    "@eslint/config-helpers": ["@eslint/config-helpers@0.4.2", "", { "dependencies": { "@eslint/core": "^0.17.0" } }, ""],

    "@eslint/core": ["@eslint/core@0.17.0", "", { "dependencies": { "@types/json-schema": "^7.0.15" } }, ""],

    "@eslint/eslintrc": ["@eslint/eslintrc@3.3.3", "", { "dependencies": { "ajv": "^6.12.4", "debug": "^4.3.2", "espree": "^10.0.1", "globals": "^14.0.0", "ignore": "^5.2.0", "import-fresh": "^3.2.1", "js-yaml": "^4.1.1", "minimatch": "^3.1.2", "strip-json-comments": "^3.1.1" } }, ""],

    "@eslint/js": ["@eslint/js@9.39.2", "", {}, ""],

    "@eslint/object-schema": ["@eslint/object-schema@2.1.7", "", {}, ""],

    "@eslint/plugin-kit": ["@eslint/plugin-kit@0.4.1", "", { "dependencies": { "@eslint/core": "^0.17.0", "levn": "^0.4.1" } }, ""],

    "@humanfs/core": ["@humanfs/core@0.19.1", "", {}, ""],

    "@humanfs/node": ["@humanfs/node@0.16.7", "", { "dependencies": { "@humanfs/core": "^0.19.1", "@humanwhocodes/retry": "^0.4.0" } }, ""],

    "@humanwhocodes/module-importer": ["@humanwhocodes/module-importer@1.0.1", "", {}, ""],

    "@humanwhocodes/retry": ["@humanwhocodes/retry@0.4.3", "", {}, ""],

    "@jridgewell/resolve-uri": ["@jridgewell/resolve-uri@3.1.2", "", {}, ""],

    "@jridgewell/sourcemap-codec": ["@jridgewell/sourcemap-codec@1.5.5", "", {}, ""],

    "@jridgewell/trace-mapping": ["@jridgewell/trace-mapping@0.3.31", "", { "dependencies": { "@jridgewell/resolve-uri": "^3.1.0", "@jridgewell/sourcemap-codec": "^1.4.14" } }, ""],

    "@rollup/rollup-darwin-arm64": ["@rollup/rollup-darwin-arm64@4.55.2", "", { "os": "darwin", "cpu": "arm64" }, ""],

    "@solana-program/system": ["@solana-program/system@0.7.0", "", { "peerDependencies": { "@solana/kit": "^2.1.0" } }, "sha512-FKTBsKHpvHHNc1ATRm7SlC5nF/VdJtOSjldhcyfMN9R7xo712Mo2jHIzvBgn8zQO5Kg0DcWuKB7268Kv1ocicw=="],

    "@solana/accounts": ["@solana/accounts@2.1.0", "", { "dependencies": { "@solana/addresses": "2.1.0", "@solana/codecs-core": "2.1.0", "@solana/codecs-strings": "2.1.0", "@solana/errors": "2.1.0", "@solana/rpc-spec": "2.1.0", "@solana/rpc-types": "2.1.0" }, "peerDependencies": { "typescript": ">=5" } }, "sha512-1JOBiLFeIeHmGx7k1b23UWF9vM1HAh9GBMCzr5rBPrGSBs+QUgxBJ3+yrRg+UPEOSELubqo7qoOVFUKYsb1nXw=="],

    "@solana/addresses": ["@solana/addresses@2.1.0", "", { "dependencies": { "@solana/assertions": "2.1.0", "@solana/codecs-core": "2.1.0", "@solana/codecs-strings": "2.1.0", "@solana/errors": "2.1.0" }, "peerDependencies": { "typescript": ">=5" } }, "sha512-IgiRuju2yLz14GnrysOPSNZbZQ8F+7jhx7FYZLrbKogf6NX4wy4ijLHxRsLFqP8o8aY69BZULkM9MwrSjsZi7A=="],

    "@solana/assertions": ["@solana/assertions@2.1.0", "", { "dependencies": { "@solana/errors": "2.1.0" }, "peerDependencies": { "typescript": ">=5" } }, "sha512-KCYmxFRsg897Ec7yGdpc0rniOlqGD3NpicmIjWIV87uiXX5uFco4t+01sKyFlhsv4T4OgHxngMsxkfQ3AUkFVg=="],

    "@solana/codecs": ["@solana/codecs@2.1.0", "", { "dependencies": { "@solana/codecs-core": "2.1.0", "@solana/codecs-data-structures": "2.1.0", "@solana/codecs-numbers": "2.1.0", "@solana/codecs-strings": "2.1.0", "@solana/options": "2.1.0" }, "peerDependencies": { "typescript": ">=5" } }, "sha512-C0TnfrpbTg7zoIFYfM65ofeL2AWEz80OsD6mjVdcTKpb1Uj7XuBuNLss3dMnatPQaL7RagD9VLA5/WfYayyteQ=="],

    "@solana/codecs-core": ["@solana/codecs-core@2.1.0", "", { "dependencies": { "@solana/errors": "2.1.0" }, "peerDependencies": { "typescript": ">=5" } }, "sha512-SR7pKtmJBg2mhmkel2NeHA1pz06QeQXdMv8WJoIR9m8F/hw80K/612uaYbwTt2nkK0jg/Qn/rNSd7EcJ4SBGjw=="],

    "@solana/codecs-data-structures": ["@solana/codecs-data-structures@2.1.0", "", { "dependencies": { "@solana/codecs-core": "2.1.0", "@solana/codecs-numbers": "2.1.0", "@solana/errors": "2.1.0" }, "peerDependencies": { "typescript": ">=5" } }, "sha512-oDF5ek54kirqJ09q8k/qEpobBiWOhd3CkkGOTyfjsmTF/IGIigNbdYIakxV3+vudBeaNBw08y0XdBYI4JL/nqA=="],

    "@solana/codecs-numbers": ["@solana/codecs-numbers@2.1.0", "", { "dependencies": { "@solana/codecs-core": "2.1.0", "@solana/errors": "2.1.0" }, "peerDependencies": { "typescript": ">=5" } }, "sha512-XMu4yw5iCgQnMKsxSWPPOrGgtaohmupN3eyAtYv3K3C/MJEc5V90h74k5B1GUCiHvcrdUDO9RclNjD9lgbjFag=="],

    "@solana/codecs-strings": ["@solana/codecs-strings@2.1.0", "", { "dependencies": { "@solana/codecs-core": "2.1.0", "@solana/codecs-numbers": "2.1.0", "@solana/errors": "2.1.0" }, "peerDependencies": { "fastestsmallesttextencoderdecoder": "^1.0.22", "typescript": ">=5" } }, "sha512-O/eJFLzFrHomcCR1Y5QbIqoPo7iaJaWNnIeskB4mVhVjLyjlJS4WtBP2NBRzM9uJXaXyOxxKroqqO9zFsHOpvQ=="],

    "@solana/errors": ["@solana/errors@2.1.0", "", { "dependencies": { "chalk": "^5.3.0", "commander": "^13.1.0" }, "peerDependencies": { "typescript": ">=5" }, "bin": { "errors": "bin/cli.mjs" } }, "sha512-l+GxAv0Ar4d3c3PlZdA9G++wFYZREEbbRyAFP8+n8HSg0vudCuzogh/13io6hYuUhG/9Ve8ARZNamhV7UScKNw=="],

    "@solana/fast-stable-stringify": ["@solana/fast-stable-stringify@2.1.0", "", { "peerDependencies": { "typescript": ">=5" } }, "sha512-a8vR92qbe/VsvQ1BpN3PIEwnoHD2fTHEwCJh9GG58z3R15RIjk73gc0khjcdg4U1tZwTJqWkvk8SbDIgGdOgMA=="],

    "@solana/functional": ["@solana/functional@2.1.0", "", { "peerDependencies": { "typescript": ">=5" } }, "sha512-RVij8Av4F2uUOFcEC8n9lgD72e9gQMritmGHhMh+G91Xops4I6Few+oQ++XgSTiL2t3g3Cs0QZ13onZ0FL45FQ=="],

    "@solana/instructions": ["@solana/instructions@2.1.0", "", { "dependencies": { "@solana/codecs-core": "2.1.0", "@solana/errors": "2.1.0" }, "peerDependencies": { "typescript": ">=5" } }, "sha512-wfn6e7Rgm0Sw/Th1v/pXsKTvloZvAAQI7j1yc9WcIk9ngqH5p6LhqMMkrwYPB2oTk8+MMr7SZ4E+2eK2gL6ODA=="],

    "@solana/keys": ["@solana/keys@2.1.0", "", { "dependencies": { "@solana/assertions": "2.1.0", "@solana/codecs-core": "2.1.0", "@solana/codecs-strings": "2.1.0", "@solana/errors": "2.1.0" }, "peerDependencies": { "typescript": ">=5" } }, "sha512-esY1+dlZjB18hZML5p+YPec29wi3HH0SzKx7RiqF//dI2cJ6vHfq3F+7ArbNnF6R2YCLFtl7DzS/tkqR2Xkxeg=="],

    "@solana/kit": ["@solana/kit@2.1.0", "", { "dependencies": { "@solana/accounts": "2.1.0", "@solana/addresses": "2.1.0", "@solana/codecs": "2.1.0", "@solana/errors": "2.1.0", "@solana/functional": "2.1.0", "@solana/instructions": "2.1.0", "@solana/keys": "2.1.0", "@solana/programs": "2.1.0", "@solana/rpc": "2.1.0", "@solana/rpc-parsed-types": "2.1.0", "@solana/rpc-spec-types": "2.1.0", "@solana/rpc-subscriptions": "2.1.0", "@solana/rpc-types": "2.1.0", "@solana/signers": "2.1.0", "@solana/sysvars": "2.1.0", "@solana/transaction-confirmation": "2.1.0", "@solana/transaction-messages": "2.1.0", "@solana/transactions": "2.1.0" }, "peerDependencies": { "typescript": ">=5" } }, "sha512-vqaHROLKp89xdIbaKVG6BQ44uMN9E6/rSTeltkvquD2qdTObssafGDbAKVFjwZhlNO+sdzHDCLekGabn5VAL6A=="],

    "@solana/options": ["@solana/options@2.1.0", "", { "dependencies": { "@solana/codecs-core": "2.1.0", "@solana/codecs-data-structures": "2.1.0", "@solana/codecs-numbers": "2.1.0", "@solana/codecs-strings": "2.1.0", "@solana/errors": "2.1.0" }, "peerDependencies": { "typescript": ">=5" } }, "sha512-T/vJCr8qnwK6HxriOPXCrx31IpA9ZYecxuOzQ3G74kIayED4spmpXp6PLtRYR/fo2LZ6UcgHN0qSgONnvwEweg=="],

    "@solana/programs": ["@solana/programs@2.1.0", "", { "dependencies": { "@solana/addresses": "2.1.0", "@solana/errors": "2.1.0" }, "peerDependencies": { "typescript": ">=5" } }, "sha512-9Y30/yUbTR99+QRN2ukNXQQTGY68oKmVrXnh/et6StM1JF5WHvAJqBigsHG5bt6KxTISoRuncBnH/IRnDqPxKg=="],

    "@solana/promises": ["@solana/promises@2.1.0", "", { "peerDependencies": { "typescript": ">=5" } }, "sha512-eQJaQXA2kD4dVyifzhslV3wOvq27fwOJ4az89BQ4Cz83zPbR94xOeDShwcXrKBYqaUf6XqH5MzdEo14t4tKAFQ=="],

    "@solana/rpc": ["@solana/rpc@2.1.0", "", { "dependencies": { "@solana/errors": "2.1.0", "@solana/fast-stable-stringify": "2.1.0", "@solana/functional": "2.1.0", "@solana/rpc-api": "2.1.0", "@solana/rpc-spec": "2.1.0", "@solana/rpc-spec-types": "2.1.0", "@solana/rpc-transformers": "2.1.0", "@solana/rpc-transport-http": "2.1.0", "@solana/rpc-types": "2.1.0" }, "peerDependencies": { "typescript": ">=5" } }, "sha512-myg9qAo6b2WKyHSMXURQykb+ZRnNEXBPLEcwRwkos8STzPPyRFg6ady2s0FCQQTtL/pVjanIU2bObZIzbMGugA=="],

    "@solana/rpc-api": ["@solana/rpc-api@2.1.0", "", { "dependencies": { "@solana/addresses": "2.1.0", "@solana/codecs-core": "2.1.0", "@solana/codecs-strings": "2.1.0", "@solana/errors": "2.1.0", "@solana/keys": "2.1.0", "@solana/rpc-parsed-types": "2.1.0", "@solana/rpc-spec": "2.1.0", "@solana/rpc-transformers": "2.1.0", "@solana/rpc-types": "2.1.0", "@solana/transaction-messages": "2.1.0", "@solana/transactions": "2.1.0" }, "peerDependencies": { "typescript": ">=5" } }, "sha512-4yCnHYHFlz9VffivoY5q/HVeBjT59byB2gmg7UyC3ktxD28AlF9jjsE5tJKiapAKr2J3KWm0D/rH/QwW14cGeA=="],

    "@solana/rpc-parsed-types": ["@solana/rpc-parsed-types@2.1.0", "", { "peerDependencies": { "typescript": ">=5" } }, "sha512-mRzHemxlWDS9p1fPQNKwL+1vEOUMG8peSUJb0X/NbM12yjowDNdzM++fkOgIyCKDPddfkcoNmNrQmr2jwjdN1Q=="],

    "@solana/rpc-spec": ["@solana/rpc-spec@2.1.0", "", { "dependencies": { "@solana/errors": "2.1.0", "@solana/rpc-spec-types": "2.1.0" }, "peerDependencies": { "typescript": ">=5" } }, "sha512-NPAIM5EY7Jke0mHnmoMpgCEb/nZKIo+bgVFK/u+z74gY0JnCNt0DfocStUUQtlhqSmTyoHamt3lfxp4GT2zXbA=="],

    "@solana/rpc-spec-types": ["@solana/rpc-spec-types@2.1.0", "", { "peerDependencies": { "typescript": ">=5" } }, "sha512-NxcZ8piXMyCdbNUL6d36QJfL2UAQEN33StlGku0ltTVe1nrokZ5WRNjSPohU1fODlNaZzTvUFzvUkM1yGCkyzw=="],

    "@solana/rpc-subscriptions": ["@solana/rpc-subscriptions@2.1.0", "", { "dependencies": { "@solana/errors": "2.1.0", "@solana/fast-stable-stringify": "2.1.0", "@solana/functional": "2.1.0", "@solana/promises": "2.1.0", "@solana/rpc-spec-types": "2.1.0", "@solana/rpc-subscriptions-api": "2.1.0", "@solana/rpc-subscriptions-channel-websocket": "2.1.0", "@solana/rpc-subscriptions-spec": "2.1.0", "@solana/rpc-transformers": "2.1.0", "@solana/rpc-types": "2.1.0", "@solana/subscribable": "2.1.0" }, "peerDependencies": { "typescript": ">=5" } }, "sha512-dTyI03VlueE3s7mA/OBlA5l6yKUUKHMJd31tpzxV3AFnqE/QPS5NVrF/WY6pPBobLJiCP0UFOe7eR/MKP9SUCA=="],

    "@solana/rpc-subscriptions-api": ["@solana/rpc-subscriptions-api@2.1.0", "", { "dependencies": { "@solana/addresses": "2.1.0", "@solana/keys": "2.1.0", "@solana/rpc-subscriptions-spec": "2.1.0", "@solana/rpc-transformers": "2.1.0", "@solana/rpc-types": "2.1.0", "@solana/transaction-messages": "2.1.0", "@solana/transactions": "2.1.0" }, "peerDependencies": { "typescript": ">=5" } }, "sha512-de1dBRSE2CUwoZHMXQ/0v7iC+/pG0+iYY8jLHGGNxtKrYbTnV08mXQbaAMrmv2Rk8ZFmfJWbqbYZ9dRWdO3P5g=="],

    "@solana/rpc-subscriptions-channel-websocket": ["@solana/rpc-subscriptions-channel-websocket@2.1.0", "", { "dependencies": { "@solana/errors": "2.1.0", "@solana/functional": "2.1.0", "@solana/rpc-subscriptions-spec": "2.1.0", "@solana/subscribable": "2.1.0" }, "peerDependencies": { "typescript": ">=5", "ws": "^8.18.0" } }, "sha512-goJe9dv0cs967HJ382vSX8yapXgQzRHCmH323LsXrrpj/s3Eb3yUwJq7AcHgoh4gKIqyAfGybq/bE5Aa8Pcm9g=="],

    "@solana/rpc-subscriptions-spec": ["@solana/rpc-subscriptions-spec@2.1.0", "", { "dependencies": { "@solana/errors": "2.1.0", "@solana/promises": "2.1.0", "@solana/rpc-spec-types": "2.1.0", "@solana/subscribable": "2.1.0" }, "peerDependencies": { "typescript": ">=5" } }, "sha512-Uqasfd3Tlr22lC/Vy5dToF0e68dMKPdnt4ks7FwXuPdEbNRM/TDGb0GqG+bt/d3IIrNOCA5Y8vsE0nQHGrWG/w=="],

    "@solana/rpc-transformers": ["@solana/rpc-transformers@2.1.0", "", { "dependencies": { "@solana/errors": "2.1.0", "@solana/functional": "2.1.0", "@solana/rpc-spec-types": "2.1.0", "@solana/rpc-types": "2.1.0" }, "peerDependencies": { "typescript": ">=5" } }, "sha512-E2xPlaCu6tNO00v4HIJxJCYkoNwgVJYad5sxbIUZOQBWwXnWIcll2jUT4bWKpBGq5vFDYfkzRBr8Rco3DhfXqg=="],

    "@solana/rpc-transport-http": ["@solana/rpc-transport-http@2.1.0", "", { "dependencies": { "@solana/errors": "2.1.0", "@solana/rpc-spec": "2.1.0", "@solana/rpc-spec-types": "2.1.0", "undici-types": "^7.3.0" }, "peerDependencies": { "typescript": ">=5" } }, "sha512-E3UovTBid4/S8QDd9FkADVKfyG+v7CW5IqI4c27ZDKfazCsnDLLkqh98C6BvNCqi278HKBui4lI2GoFpCq89Pw=="],

    "@solana/rpc-types": ["@solana/rpc-types@2.1.0", "", { "dependencies": { "@solana/addresses": "2.1.0", "@solana/codecs-core": "2.1.0", "@solana/codecs-numbers": "2.1.0", "@solana/codecs-strings": "2.1.0", "@solana/errors": "2.1.0" }, "peerDependencies": { "typescript": ">=5" } }, "sha512-1ODnhmpR1X/GjB7hs4gVR3mcCagfPQV0dzq/2DNuCiMjx2snn64KP5WoAHfBEyoC9/Rb36+JpNj/hLAOikipKA=="],

    "@solana/signers": ["@solana/signers@2.1.0", "", { "dependencies": { "@solana/addresses": "2.1.0", "@solana/codecs-core": "2.1.0", "@solana/errors": "2.1.0", "@solana/instructions": "2.1.0", "@solana/keys": "2.1.0", "@solana/transaction-messages": "2.1.0", "@solana/transactions": "2.1.0" }, "peerDependencies": { "typescript": ">=5" } }, "sha512-Yq0JdJnCecRsSBshNWy+OIRmAGeVfjwIh9Z+H1jv8u8p+dJCOreKakTWuxMt5tnj3q5K1mPcak9O2PqVPZ0teA=="],

    "@solana/subscribable": ["@solana/subscribable@2.1.0", "", { "dependencies": { "@solana/errors": "2.1.0" }, "peerDependencies": { "typescript": ">=5" } }, "sha512-xi12Cm889+uT5sRKnIzr7nLnHAp3hiR3dqIzrT1P7z7iEGp8OnqUQIQCHlgozFHM2cPW+6685NQXk1l1ImuJIw=="],

    "@solana/sysvars": ["@solana/sysvars@2.1.0", "", { "dependencies": { "@solana/accounts": "2.1.0", "@solana/codecs": "2.1.0", "@solana/errors": "2.1.0", "@solana/rpc-types": "2.1.0" }, "peerDependencies": { "typescript": ">=5" } }, "sha512-GXu9yS0zIebmM1Unqw/XFpYuvug03m42w98ioOPV/yiHzECggGRGpHGD9RLVYnkyz0eL4NRbnJ5dAEu/fvGe0A=="],

    "@solana/transaction-confirmation": ["@solana/transaction-confirmation@2.1.0", "", { "dependencies": { "@solana/addresses": "2.1.0", "@solana/codecs-strings": "2.1.0", "@solana/errors": "2.1.0", "@solana/keys": "2.1.0", "@solana/promises": "2.1.0", "@solana/rpc": "2.1.0", "@solana/rpc-subscriptions": "2.1.0", "@solana/rpc-types": "2.1.0", "@solana/transaction-messages": "2.1.0", "@solana/transactions": "2.1.0" }, "peerDependencies": { "typescript": ">=5" } }, "sha512-VxOvtvs2e9h5u73PHyE2TptLAMO5x6dOXlOgvq1Nk6l3rKM2HAsd+KDpN7gjOo8/EgItMMmyEilXygWWRgpSIA=="],

    "@solana/transaction-messages": ["@solana/transaction-messages@2.1.0", "", { "dependencies": { "@solana/addresses": "2.1.0", "@solana/codecs-core": "2.1.0", "@solana/codecs-data-structures": "2.1.0", "@solana/codecs-numbers": "2.1.0", "@solana/errors": "2.1.0", "@solana/functional": "2.1.0", "@solana/instructions": "2.1.0", "@solana/rpc-types": "2.1.0" }, "peerDependencies": { "typescript": ">=5" } }, "sha512-+GPzZHLYNFbqHKoiL8mYALp7eAXtAbI6zLViZpIM3zUbVNU3q5+FCKGv6jCBnxs+3QCbeapu+W1OyfDa6BUtTQ=="],

    "@solana/transactions": ["@solana/transactions@2.1.0", "", { "dependencies": { "@solana/addresses": "2.1.0", "@solana/codecs-core": "2.1.0", "@solana/codecs-data-structures": "2.1.0", "@solana/codecs-numbers": "2.1.0", "@solana/codecs-strings": "2.1.0", "@solana/errors": "2.1.0", "@solana/functional": "2.1.0", "@solana/instructions": "2.1.0", "@solana/keys": "2.1.0", "@solana/rpc-types": "2.1.0", "@solana/transaction-messages": "2.1.0" }, "peerDependencies": { "typescript": ">=5" } }, "sha512-QeM4sCItReeIy5LU7LhGkz7RPfMPTg/Qo8h0LSfhiJiPTOHOhElmh42vkLJmwPl83+MsKtisyPQNK6penM2nAw=="],

    "@standard-schema/spec": ["@standard-schema/spec@1.1.0", "", {}, ""],

    "@types/chai": ["@types/chai@5.2.3", "", { "dependencies": { "@types/deep-eql": "*", "assertion-error": "^2.0.1" } }, ""],

    "@types/deep-eql": ["@types/deep-eql@4.0.2", "", {}, ""],

    "@types/estree": ["@types/estree@1.0.8", "", {}, ""],

    "@types/json-schema": ["@types/json-schema@7.0.15", "", {}, ""],

    "@types/node": ["@types/node@25.2.1", "", { "dependencies": { "undici-types": "~7.16.0" } }, ""],

    "@typescript-eslint/eslint-plugin": ["@typescript-eslint/eslint-plugin@8.54.0", "", { "dependencies": { "@eslint-community/regexpp": "^4.12.2", "@typescript-eslint/scope-manager": "8.54.0", "@typescript-eslint/type-utils": "8.54.0", "@typescript-eslint/utils": "8.54.0", "@typescript-eslint/visitor-keys": "8.54.0", "ignore": "^7.0.5", "natural-compare": "^1.4.0", "ts-api-utils": "^2.4.0" }, "peerDependencies": { "@typescript-eslint/parser": "^8.54.0", "eslint": "^8.57.0 || ^9.0.0", "typescript": ">=4.8.4 <6.0.0" } }, ""],

    "@typescript-eslint/parser": ["@typescript-eslint/parser@8.54.0", "", { "dependencies": { "@typescript-eslint/scope-manager": "8.54.0", "@typescript-eslint/types": "8.54.0", "@typescript-eslint/typescript-estree": "8.54.0", "@typescript-eslint/visitor-keys": "8.54.0", "debug": "^4.4.3" }, "peerDependencies": { "eslint": "^8.57.0 || ^9.0.0", "typescript": ">=4.8.4 <6.0.0" } }, ""],

    "@typescript-eslint/project-service": ["@typescript-eslint/project-service@8.54.0", "", { "dependencies": { "@typescript-eslint/tsconfig-utils": "^8.54.0", "@typescript-eslint/types": "^8.54.0", "debug": "^4.4.3" }, "peerDependencies": { "typescript": ">=4.8.4 <6.0.0" } }, ""],

    "@typescript-eslint/scope-manager": ["@typescript-eslint/scope-manager@8.54.0", "", { "dependencies": { "@typescript-eslint/types": "8.54.0", "@typescript-eslint/visitor-keys": "8.54.0" } }, ""],

    "@typescript-eslint/tsconfig-utils": ["@typescript-eslint/tsconfig-utils@8.54.0", "", { "peerDependencies": { "typescript": ">=4.8.4 <6.0.0" } }, ""],

    "@typescript-eslint/type-utils": ["@typescript-eslint/type-utils@8.54.0", "", { "dependencies": { "@typescript-eslint/types": "8.54.0", "@typescript-eslint/typescript-estree": "8.54.0", "@typescript-eslint/utils": "8.54.0", "debug": "^4.4.3", "ts-api-utils": "^2.4.0" }, "peerDependencies": { "eslint": "^8.57.0 || ^9.0.0", "typescript": ">=4.8.4 <6.0.0" } }, ""],

    "@typescript-eslint/types": ["@typescript-eslint/types@8.54.0", "", {}, ""],

    "@typescript-eslint/typescript-estree": ["@typescript-eslint/typescript-estree@8.54.0", "", { "dependencies": { "@typescript-eslint/project-service": "8.54.0", "@typescript-eslint/tsconfig-utils": "8.54.0", "@typescript-eslint/types": "8.54.0", "@typescript-eslint/visitor-keys": "8.54.0", "debug": "^4.4.3", "minimatch": "^9.0.5", "semver": "^7.7.3", "tinyglobby": "^0.2.15", "ts-api-utils": "^2.4.0" }, "peerDependencies": { "typescript": ">=4.8.4 <6.0.0" } }, ""],

    "@typescript-eslint/utils": ["@typescript-eslint/utils@8.54.0", "", { "dependencies": { "@eslint-community/eslint-utils": "^4.9.1", "@typescript-eslint/scope-manager": "8.54.0", "@typescript-eslint/types": "8.54.0", "@typescript-eslint/typescript-estree": "8.54.0" }, "peerDependencies": { "eslint": "^8.57.0 || ^9.0.0", "typescript": ">=4.8.4 <6.0.0" } }, ""],

    "@typescript-eslint/visitor-keys": ["@typescript-eslint/visitor-keys@8.54.0", "", { "dependencies": { "@typescript-eslint/types": "8.54.0", "eslint-visitor-keys": "^4.2.1" } }, ""],

    "@vitest/coverage-v8": ["@vitest/coverage-v8@4.0.18", "", { "dependencies": { "@bcoe/v8-coverage": "^1.0.2", "@vitest/utils": "4.0.18", "ast-v8-to-istanbul": "^0.3.10", "istanbul-lib-coverage": "^3.2.2", "istanbul-lib-report": "^3.0.1", "istanbul-reports": "^3.2.0", "magicast": "^0.5.1", "obug": "^2.1.1", "std-env": "^3.10.0", "tinyrainbow": "^3.0.3" }, "peerDependencies": { "@vitest/browser": "4.0.18", "vitest": "4.0.18" }, "optionalPeers": ["@vitest/browser"] }, ""],

    "@vitest/expect": ["@vitest/expect@4.0.18", "", { "dependencies": { "@standard-schema/spec": "^1.0.0", "@types/chai": "^5.2.2", "@vitest/spy": "4.0.18", "@vitest/utils": "4.0.18", "chai": "^6.2.1", "tinyrainbow": "^3.0.3" } }, ""],

    "@vitest/mocker": ["@vitest/mocker@4.0.18", "", { "dependencies": { "@vitest/spy": "4.0.18", "estree-walker": "^3.0.3", "magic-string": "^0.30.21" }, "peerDependencies": { "msw": "^2.4.9", "vite": "^6.0.0 || ^7.0.0-0" }, "optionalPeers": ["msw"] }, ""],

    "@vitest/pretty-format": ["@vitest/pretty-format@4.0.18", "", { "dependencies": { "tinyrainbow": "^3.0.3" } }, ""],

    "@vitest/runner": ["@vitest/runner@4.0.18", "", { "dependencies": { "@vitest/utils": "4.0.18", "pathe": "^2.0.3" } }, ""],

    "@vitest/snapshot": ["@vitest/snapshot@4.0.18", "", { "dependencies": { "@vitest/pretty-format": "4.0.18", "magic-string": "^0.30.21", "pathe": "^2.0.3" } }, ""],

    "@vitest/spy": ["@vitest/spy@4.0.18", "", {}, ""],

    "@vitest/utils": ["@vitest/utils@4.0.18", "", { "dependencies": { "@vitest/pretty-format": "4.0.18", "tinyrainbow": "^3.0.3" } }, ""],

    "acorn": ["acorn@8.15.0", "", { "bin": "bin/acorn" }, ""],

    "acorn-jsx": ["acorn-jsx@5.3.2", "", { "peerDependencies": { "acorn": "^6.0.0 || ^7.0.0 || ^8.0.0" } }, ""],

    "ajv": ["ajv@6.12.6", "", { "dependencies": { "fast-deep-equal": "^3.1.1", "fast-json-stable-stringify": "^2.0.0", "json-schema-traverse": "^0.4.1", "uri-js": "^4.2.2" } }, ""],

    "ansi-styles": ["ansi-styles@4.3.0", "", { "dependencies": { "color-convert": "^2.0.1" } }, ""],

    "argparse": ["argparse@2.0.1", "", {}, ""],

    "assertion-error": ["assertion-error@2.0.1", "", {}, ""],

    "ast-v8-to-istanbul": ["ast-v8-to-istanbul@0.3.10", "", { "dependencies": { "@jridgewell/trace-mapping": "^0.3.31", "estree-walker": "^3.0.3", "js-tokens": "^9.0.1" } }, ""],

    "balanced-match": ["balanced-match@1.0.2", "", {}, ""],

    "base-x": ["base-x@5.0.1", "", {}, ""],

    "base64-arraybuffer": ["base64-arraybuffer@1.0.2", "", {}, ""],

    "brace-expansion": ["brace-expansion@1.1.12", "", { "dependencies": { "balanced-match": "^1.0.0", "concat-map": "0.0.1" } }, ""],

    "bs58": ["bs58@6.0.0", "", { "dependencies": { "base-x": "^5.0.0" } }, ""],

    "callsites": ["callsites@3.1.0", "", {}, ""],

    "chai": ["chai@6.2.2", "", {}, ""],

    "chalk": ["chalk@4.1.2", "", { "dependencies": { "ansi-styles": "^4.1.0", "supports-color": "^7.1.0" } }, ""],

    "color-convert": ["color-convert@2.0.1", "", { "dependencies": { "color-name": "~1.1.4" } }, ""],

    "color-name": ["color-name@1.1.4", "", {}, ""],

    "commander": ["commander@13.1.0", "", {}, "sha512-/rFeCpNJQbhSZjGVwO9RFV3xPqbnERS8MmIQzCtD/zl6gpJuV/bMLuN92oG3F7d8oDEHHRrujSXNUr8fpjntKw=="],

    "concat-map": ["concat-map@0.0.1", "", {}, ""],

    "cross-spawn": ["cross-spawn@7.0.6", "", { "dependencies": { "path-key": "^3.1.0", "shebang-command": "^2.0.0", "which": "^2.0.1" } }, ""],

    "debug": ["debug@4.4.3", "", { "dependencies": { "ms": "^2.1.3" } }, ""],

    "deep-is": ["deep-is@0.1.4", "", {}, ""],

    "es-module-lexer": ["es-module-lexer@1.7.0", "", {}, ""],

    "esbuild": ["esbuild@0.27.2", "", { "optionalDependencies": { "@esbuild/darwin-arm64": "0.27.2" }, "bin": "bin/esbuild" }, ""],

    "escape-string-regexp": ["escape-string-regexp@4.0.0", "", {}, ""],

    "eslint": ["eslint@9.39.2", "", { "dependencies": { "@eslint-community/eslint-utils": "^4.8.0", "@eslint-community/regexpp": "^4.12.1", "@eslint/config-array": "^0.21.1", "@eslint/config-helpers": "^0.4.2", "@eslint/core": "^0.17.0", "@eslint/eslintrc": "^3.3.1", "@eslint/js": "9.39.2", "@eslint/plugin-kit": "^0.4.1", "@humanfs/node": "^0.16.6", "@humanwhocodes/module-importer": "^1.0.1", "@humanwhocodes/retry": "^0.4.2", "@types/estree": "^1.0.6", "ajv": "^6.12.4", "chalk": "^4.0.0", "cross-spawn": "^7.0.6", "debug": "^4.3.2", "escape-string-regexp": "^4.0.0", "eslint-scope": "^8.4.0", "eslint-visitor-keys": "^4.2.1", "espree": "^10.4.0", "esquery": "^1.5.0", "esutils": "^2.0.2", "fast-deep-equal": "^3.1.3", "file-entry-cache": "^8.0.0", "find-up": "^5.0.0", "glob-parent": "^6.0.2", "ignore": "^5.2.0", "imurmurhash": "^0.1.4", "is-glob": "^4.0.0", "json-stable-stringify-without-jsonify": "^1.0.1", "lodash.merge": "^4.6.2", "minimatch": "^3.1.2", "natural-compare": "^1.4.0", "optionator": "^0.9.3" }, "peerDependencies": { "jiti": "*" }, "bin": "bin/eslint.js" }, ""],

    "eslint-scope": ["eslint-scope@8.4.0", "", { "dependencies": { "esrecurse": "^4.3.0", "estraverse": "^5.2.0" } }, ""],

    "eslint-visitor-keys": ["eslint-visitor-keys@4.2.1", "", {}, ""],

    "espree": ["espree@10.4.0", "", { "dependencies": { "acorn": "^8.15.0", "acorn-jsx": "^5.3.2", "eslint-visitor-keys": "^4.2.1" } }, ""],

    "esquery": ["esquery@1.7.0", "", { "dependencies": { "estraverse": "^5.1.0" } }, ""],

    "esrecurse": ["esrecurse@4.3.0", "", { "dependencies": { "estraverse": "^5.2.0" } }, ""],

    "estraverse": ["estraverse@5.3.0", "", {}, ""],

    "estree-walker": ["estree-walker@3.0.3", "", { "dependencies": { "@types/estree": "^1.0.0" } }, ""],

    "esutils": ["esutils@2.0.3", "", {}, ""],

    "expect-type": ["expect-type@1.3.0", "", {}, ""],

    "fast-deep-equal": ["fast-deep-equal@3.1.3", "", {}, ""],

    "fast-json-stable-stringify": ["fast-json-stable-stringify@2.1.0", "", {}, ""],

    "fast-levenshtein": ["fast-levenshtein@2.0.6", "", {}, ""],

    "fastestsmallesttextencoderdecoder": ["fastestsmallesttextencoderdecoder@1.0.22", "", {}, "sha512-Pb8d48e+oIuY4MaM64Cd7OW1gt4nxCHs7/ddPPZ/Ic3sg8yVGM7O9wDvZ7us6ScaUupzM+pfBolwtYhN1IxBIw=="],

    "fdir": ["fdir@6.5.0", "", { "peerDependencies": { "picomatch": "^3 || ^4" } }, ""],

    "file-entry-cache": ["file-entry-cache@8.0.0", "", { "dependencies": { "flat-cache": "^4.0.0" } }, ""],

    "find-up": ["find-up@5.0.0", "", { "dependencies": { "locate-path": "^6.0.0", "path-exists": "^4.0.0" } }, ""],

    "flat-cache": ["flat-cache@4.0.1", "", { "dependencies": { "flatted": "^3.2.9", "keyv": "^4.5.4" } }, ""],

    "flatted": ["flatted@3.3.3", "", {}, ""],

    "fsevents": ["fsevents@2.3.3", "", { "os": "darwin" }, ""],

    "glob-parent": ["glob-parent@6.0.2", "", { "dependencies": { "is-glob": "^4.0.3" } }, ""],

    "globals": ["globals@14.0.0", "", {}, ""],

    "has-flag": ["has-flag@4.0.0", "", {}, ""],

    "html-escaper": ["html-escaper@2.0.2", "", {}, ""],

    "ignore": ["ignore@5.3.2", "", {}, ""],

    "import-fresh": ["import-fresh@3.3.1", "", { "dependencies": { "parent-module": "^1.0.0", "resolve-from": "^4.0.0" } }, ""],

    "imurmurhash": ["imurmurhash@0.1.4", "", {}, ""],

    "is-extglob": ["is-extglob@2.1.1", "", {}, ""],

    "is-glob": ["is-glob@4.0.3", "", { "dependencies": { "is-extglob": "^2.1.1" } }, ""],

    "isexe": ["isexe@2.0.0", "", {}, ""],

    "istanbul-lib-coverage": ["istanbul-lib-coverage@3.2.2", "", {}, ""],

    "istanbul-lib-report": ["istanbul-lib-report@3.0.1", "", { "dependencies": { "istanbul-lib-coverage": "^3.0.0", "make-dir": "^4.0.0", "supports-color": "^7.1.0" } }, ""],

    "istanbul-reports": ["istanbul-reports@3.2.0", "", { "dependencies": { "html-escaper": "^2.0.0", "istanbul-lib-report": "^3.0.0" } }, ""],

    "jiti": ["jiti@2.6.1", "", { "bin": "lib/jiti-cli.mjs" }, ""],

    "js-tokens": ["js-tokens@9.0.1", "", {}, ""],

    "js-yaml": ["js-yaml@4.1.1", "", { "dependencies": { "argparse": "^2.0.1" }, "bin": "bin/js-yaml.js" }, ""],

    "json-buffer": ["json-buffer@3.0.1", "", {}, ""],

    "json-schema-traverse": ["json-schema-traverse@0.4.1", "", {}, ""],

    "json-stable-stringify-without-jsonify": ["json-stable-stringify-without-jsonify@1.0.1", "", {}, ""],

    "keyv": ["keyv@4.5.4", "", { "dependencies": { "json-buffer": "3.0.1" } }, ""],

    "levn": ["levn@0.4.1", "", { "dependencies": { "prelude-ls": "^1.2.1", "type-check": "~0.4.0" } }, ""],

    "locate-path": ["locate-path@6.0.0", "", { "dependencies": { "p-locate": "^5.0.0" } }, ""],

    "lodash.merge": ["lodash.merge@4.6.2", "", {}, ""],

    "magic-string": ["magic-string@0.30.21", "", { "dependencies": { "@jridgewell/sourcemap-codec": "^1.5.5" } }, ""],

    "magicast": ["magicast@0.5.1", "", { "dependencies": { "@babel/parser": "^7.28.5", "@babel/types": "^7.28.5", "source-map-js": "^1.2.1" } }, ""],

    "make-dir": ["make-dir@4.0.0", "", { "dependencies": { "semver": "^7.5.3" } }, ""],

    "minimatch": ["minimatch@3.1.2", "", { "dependencies": { "brace-expansion": "^1.1.7" } }, ""],

    "ms": ["ms@2.1.3", "", {}, ""],

    "nanoid": ["nanoid@3.3.11", "", { "bin": "bin/nanoid.cjs" }, ""],

    "natural-compare": ["natural-compare@1.4.0", "", {}, ""],

    "obug": ["obug@2.1.1", "", {}, ""],

    "optionator": ["optionator@0.9.4", "", { "dependencies": { "deep-is": "^0.1.3", "fast-levenshtein": "^2.0.6", "levn": "^0.4.1", "prelude-ls": "^1.2.1", "type-check": "^0.4.0", "word-wrap": "^1.2.5" } }, ""],

    "p-limit": ["p-limit@3.1.0", "", { "dependencies": { "yocto-queue": "^0.1.0" } }, ""],

    "p-locate": ["p-locate@5.0.0", "", { "dependencies": { "p-limit": "^3.0.2" } }, ""],

    "parent-module": ["parent-module@1.0.1", "", { "dependencies": { "callsites": "^3.0.0" } }, ""],

    "path-exists": ["path-exists@4.0.0", "", {}, ""],

    "path-key": ["path-key@3.1.1", "", {}, ""],

    "pathe": ["pathe@2.0.3", "", {}, ""],

    "picocolors": ["picocolors@1.1.1", "", {}, ""],

    "picomatch": ["picomatch@4.0.3", "", {}, ""],

    "postcss": ["postcss@8.5.6", "", { "dependencies": { "nanoid": "^3.3.11", "picocolors": "^1.1.1", "source-map-js": "^1.2.1" } }, ""],

    "prelude-ls": ["prelude-ls@1.2.1", "", {}, ""],

    "prettier": ["prettier@3.8.1", "", { "bin": "bin/prettier.cjs" }, ""],

    "punycode": ["punycode@2.3.1", "", {}, ""],

    "resolve-from": ["resolve-from@4.0.0", "", {}, ""],

    "rollup": ["rollup@4.55.2", "", { "dependencies": { "@types/estree": "1.0.8" }, "optionalDependencies": { "@rollup/rollup-darwin-arm64": "4.55.2", "fsevents": "~2.3.2" }, "bin": "dist/bin/rollup" }, ""],

    "semver": ["semver@7.7.3", "", { "bin": "bin/semver.js" }, ""],

    "shebang-command": ["shebang-command@2.0.0", "", { "dependencies": { "shebang-regex": "^3.0.0" } }, ""],

    "shebang-regex": ["shebang-regex@3.0.0", "", {}, ""],

    "siginfo": ["siginfo@2.0.0", "", {}, ""],

    "source-map-js": ["source-map-js@1.2.1", "", {}, ""],

    "stackback": ["stackback@0.0.2", "", {}, ""],

    "std-env": ["std-env@3.10.0", "", {}, ""],

    "strip-json-comments": ["strip-json-comments@3.1.1", "", {}, ""],

    "supports-color": ["supports-color@7.2.0", "", { "dependencies": { "has-flag": "^4.0.0" } }, ""],

    "tinybench": ["tinybench@2.9.0", "", {}, ""],

    "tinyexec": ["tinyexec@1.0.2", "", {}, ""],

    "tinyglobby": ["tinyglobby@0.2.15", "", { "dependencies": { "fdir": "^6.5.0", "picomatch": "^4.0.3" } }, ""],

    "tinyrainbow": ["tinyrainbow@3.0.3", "", {}, ""],

    "ts-api-utils": ["ts-api-utils@2.4.0", "", { "peerDependencies": { "typescript": ">=4.8.4" } }, ""],

    "type-check": ["type-check@0.4.0", "", { "dependencies": { "prelude-ls": "^1.2.1" } }, ""],

    "typescript": ["typescript@5.9.3", "", { "bin": { "tsc": "bin/tsc", "tsserver": "bin/tsserver" } }, ""],

    "typescript-eslint": ["typescript-eslint@8.54.0", "", { "dependencies": { "@typescript-eslint/eslint-plugin": "8.54.0", "@typescript-eslint/parser": "8.54.0", "@typescript-eslint/typescript-estree": "8.54.0", "@typescript-eslint/utils": "8.54.0" }, "peerDependencies": { "eslint": "^8.57.0 || ^9.0.0", "typescript": ">=4.8.4 <6.0.0" } }, ""],

    "undici-types": ["undici-types@7.16.0", "", {}, ""],

    "uri-js": ["uri-js@4.4.1", "", { "dependencies": { "punycode": "^2.1.0" } }, ""],

    "vite": ["vite@7.3.1", "", { "dependencies": { "esbuild": "^0.27.0", "fdir": "^6.5.0", "picomatch": "^4.0.3", "postcss": "^8.5.6", "rollup": "^4.43.0", "tinyglobby": "^0.2.15" }, "optionalDependencies": { "fsevents": "~2.3.3" }, "peerDependencies": { "@types/node": "^20.19.0 || >=22.12.0", "jiti": ">=1.21.0", "less": "^4.0.0", "lightningcss": "^1.21.0", "sass": "^1.70.0", "sass-embedded": "^1.70.0", "stylus": ">=0.54.8", "sugarss": "^5.0.0", "terser": "^5.16.0", "tsx": "^4.8.1", "yaml": "^2.4.2" }, "optionalPeers": ["less", "lightningcss", "sass", "sass-embedded", "stylus", "sugarss", "terser", "tsx", "yaml"], "bin": "bin/vite.js" }, ""],

    "vitest": ["vitest@4.0.18", "", { "dependencies": { "@vitest/expect": "4.0.18", "@vitest/mocker": "4.0.18", "@vitest/pretty-format": "4.0.18", "@vitest/runner": "4.0.18", "@vitest/snapshot": "4.0.18", "@vitest/spy": "4.0.18", "@vitest/utils": "4.0.18", "es-module-lexer": "^1.7.0", "expect-type": "^1.2.2", "magic-string": "^0.30.21", "obug": "^2.1.1", "pathe": "^2.0.3", "picomatch": "^4.0.3", "std-env": "^3.10.0", "tinybench": "^2.9.0", "tinyexec": "^1.0.2", "tinyglobby": "^0.2.15", "tinyrainbow": "^3.0.3", "vite": "^6.0.0 || ^7.0.0", "why-is-node-running": "^2.3.0" }, "peerDependencies": { "@edge-runtime/vm": "*", "@opentelemetry/api": "^1.9.0", "@types/node": "^20.0.0 || ^22.0.0 || >=24.0.0", "@vitest/browser-playwright": "4.0.18", "@vitest/browser-preview": "4.0.18", "@vitest/browser-webdriverio": "4.0.18", "@vitest/ui": "4.0.18", "happy-dom": "*", "jsdom": "*" }, "optionalPeers": ["@edge-runtime/vm", "@opentelemetry/api", "@vitest/browser-playwright", "@vitest/browser-preview", "@vitest/browser-webdriverio", "@vitest/ui", "happy-dom", "jsdom"], "bin": "vitest.mjs" }, ""],

    "which": ["which@2.0.2", "", { "dependencies": { "isexe": "^2.0.0" }, "bin": { "node-which": "bin/node-which" } }, ""],

    "why-is-node-running": ["why-is-node-running@2.3.0", "", { "dependencies": { "siginfo": "^2.0.0", "stackback": "0.0.2" }, "bin": "cli.js" }, ""],

    "word-wrap": ["word-wrap@1.2.5", "", {}, ""],

    "ws": ["ws@8.19.0", "", { "peerDependencies": { "bufferutil": "^4.0.1", "utf-8-validate": ">=5.0.2" }, "optionalPeers": ["bufferutil", "utf-8-validate"] }, ""],

    "yocto-queue": ["yocto-queue@0.1.0", "", {}, ""],

    "zod": ["zod@4.3.6", "", {}, ""],

    "@eslint-community/eslint-utils/eslint-visitor-keys": ["eslint-visitor-keys@3.4.3", "", {}, ""],

    "@solana/errors/chalk": ["chalk@5.6.2", "", {}, ""],

    "@solana/rpc-transport-http/undici-types": ["undici-types@7.21.0", "", {}, ""],

    "@typescript-eslint/eslint-plugin/ignore": ["ignore@7.0.5", "", {}, ""],

    "@typescript-eslint/typescript-estree/minimatch": ["minimatch@9.0.5", "", { "dependencies": { "brace-expansion": "^2.0.1" } }, ""],

    "@typescript-eslint/typescript-estree/minimatch/brace-expansion": ["brace-expansion@2.0.2", "", { "dependencies": { "balanced-match": "^1.0.0" } }, ""],
  }
}
